
Microsoft Visual Studio Solution File, Format Version 12.00
# Visual Studio Version 17
VisualStudioVersion = 17.8.34931.61
MinimumVisualStudioVersion = 10.0.40219.1
Project("{FAE04EC0-301F-11D3-BF4B-00C04F79EFBC}") = "Inheritance", "Inheritance\Inheritance.csproj", "{69AA5AAC-2FEF-4C18-8193-A1F3C78BA909}"
EndProject
Global
	GlobalSection(SolutionConfigurationPlatforms) = preSolution
		Debug|Any CPU = Debug|Any CPU
		Release|Any CPU = Release|Any CPU
	EndGlobalSection
	GlobalSection(ProjectConfigurationPlatforms) = postSolution
		{69AA5AAC-2FEF-4C18-8193-A1F3C78BA909}.Debug|Any CPU.ActiveCfg = Debug|Any CPU
		{69AA5AAC-2FEF-4C18-8193-A1F3C78BA909}.Debug|Any CPU.Build.0 = Debug|Any CPU
		{69AA5AAC-2FEF-4C18-8193-A1F3C78BA909}.Release|Any CPU.ActiveCfg = Release|Any CPU
		{69AA5AAC-2FEF-4C18-8193-A1F3C78BA909}.Release|Any CPU.Build.0 = Release|Any CPU
	EndGlobalSection
	GlobalSection(SolutionProperties) = preSolution
		HideSolutionNode = FALSE
	EndGlobalSection
	GlobalSection(ExtensibilityGlobals) = postSolution
		SolutionGuid = {E43E6879-7B34-4705-A386-06877F0BB8DF}
	EndGlobalSection
EndGlobal
